{
  "name": "@shilovp/after-swipe",
  "version": "0.0.2",
  "lockfileVersion": 1,
  "requires": true,
  "dependencies": {
    "@stencil/angular-output-target": {
      "version": "0.0.6",
      "resolved": "https://registry.npmjs.org/@stencil/angular-output-target/-/angular-output-target-0.0.6.tgz",
      "integrity": "sha512-e1Asucp/m0EZki9dYEF327ggIQ2T4K5RWXXC78iisQQboj4uU29BvBuAxYXGeF/OGC51azvClgIrrpf5Z6kxvA==",
      "dev": true
    },
    "@stencil/core": {
      "version": "2.5.2",
      "resolved": "https://registry.npmjs.org/@stencil/core/-/core-2.5.2.tgz",
      "integrity": "sha512-bgjPXkSzzg1WnTgVUm6m5ZzpKt602WmA/QljODAW1xVN40OHJdbGblzF/F6MFzqv2c5Cy30CB41arc8qADIdcQ=="
    }
  }
}
